
Microsoft Visual Studio Solution File, Format Version 12.00
# Visual Studio Version 16
VisualStudioVersion = 16.0.35325.158
MinimumVisualStudioVersion = 10.0.40219.1
Project("{8BC9CEB8-8B4A-11D0-8D11-00A0C91BC942}") = "Project1", "Project1\Project1.vcxproj", "{B8332A69-63CC-47C3-BA82-572047727889}"
EndProject
Project("{8BC9CEB8-8B4A-11D0-8D11-00A0C91BC942}") = "Project2", "Project2\Project2.vcxproj", "{F679280A-D8B4-4E66-A7E3-A49F03C079D8}"
EndProject
Global
	GlobalSection(SolutionConfigurationPlatforms) = preSolution
		Debug|x64 = Debug|x64
		Debug|x86 = Debug|x86
		Release|x64 = Release|x64
		Release|x86 = Release|x86
	EndGlobalSection
	GlobalSection(ProjectConfigurationPlatforms) = postSolution
		{B8332A69-63CC-47C3-BA82-572047727889}.Debug|x64.ActiveCfg = Debug|x64
		{B8332A69-63CC-47C3-BA82-572047727889}.Debug|x64.Build.0 = Debug|x64
		{B8332A69-63CC-47C3-BA82-572047727889}.Debug|x86.ActiveCfg = Debug|Win32
		{B8332A69-63CC-47C3-BA82-572047727889}.Debug|x86.Build.0 = Debug|Win32
		{B8332A69-63CC-47C3-BA82-572047727889}.Release|x64.ActiveCfg = Release|x64
		{B8332A69-63CC-47C3-BA82-572047727889}.Release|x64.Build.0 = Release|x64
		{B8332A69-63CC-47C3-BA82-572047727889}.Release|x86.ActiveCfg = Release|Win32
		{B8332A69-63CC-47C3-BA82-572047727889}.Release|x86.Build.0 = Release|Win32
		{F679280A-D8B4-4E66-A7E3-A49F03C079D8}.Debug|x64.ActiveCfg = Debug|x64
		{F679280A-D8B4-4E66-A7E3-A49F03C079D8}.Debug|x64.Build.0 = Debug|x64
		{F679280A-D8B4-4E66-A7E3-A49F03C079D8}.Debug|x86.ActiveCfg = Debug|Win32
		{F679280A-D8B4-4E66-A7E3-A49F03C079D8}.Debug|x86.Build.0 = Debug|Win32
		{F679280A-D8B4-4E66-A7E3-A49F03C079D8}.Release|x64.ActiveCfg = Release|x64
		{F679280A-D8B4-4E66-A7E3-A49F03C079D8}.Release|x64.Build.0 = Release|x64
		{F679280A-D8B4-4E66-A7E3-A49F03C079D8}.Release|x86.ActiveCfg = Release|Win32
		{F679280A-D8B4-4E66-A7E3-A49F03C079D8}.Release|x86.Build.0 = Release|Win32
	EndGlobalSection
	GlobalSection(SolutionProperties) = preSolution
		HideSolutionNode = FALSE
	EndGlobalSection
	GlobalSection(ExtensibilityGlobals) = postSolution
		SolutionGuid = {E4FBCC56-1A88-433B-BE3C-32A582FB746D}
	EndGlobalSection
EndGlobal
